// !$*UTF8*$!
{
	archiveVersion = 1;
	classes = {
	};
	objectVersion = 56;
	objects = {

/* Begin PBXBuildFile section */
		B01251692BFB4C85002B6EE0 /* AppDelegate.swift in Sources */ = {isa = PBXBuildFile; fileRef = B01251682BFB4C85002B6EE0 /* AppDelegate.swift */; };
		B012516B2BFB4C85002B6EE0 /* SceneDelegate.swift in Sources */ = {isa = PBXBuildFile; fileRef = B012516A2BFB4C85002B6EE0 /* SceneDelegate.swift */; };
		B012516D2BFB4C85002B6EE0 /* MainViewController.swift in Sources */ = {isa = PBXBuildFile; fileRef = B012516C2BFB4C85002B6EE0 /* MainViewController.swift */; };
		B01251732BFB4C85002B6EE0 /* LibraryTestApp.xcdatamodeld in Sources */ = {isa = PBXBuildFile; fileRef = B01251712BFB4C85002B6EE0 /* LibraryTestApp.xcdatamodeld */; };
		B01251752BFB4C86002B6EE0 /* Assets.xcassets in Resources */ = {isa = PBXBuildFile; fileRef = B01251742BFB4C86002B6EE0 /* Assets.xcassets */; };
		B01251782BFB4C86002B6EE0 /* LaunchScreen.storyboard in Resources */ = {isa = PBXBuildFile; fileRef = B01251762BFB4C86002B6EE0 /* LaunchScreen.storyboard */; };
		B01251822BFB561C002B6EE0 /* MainViewPresenter.swift in Sources */ = {isa = PBXBuildFile; fileRef = B01251812BFB561C002B6EE0 /* MainViewPresenter.swift */; };
		B01251842BFB5642002B6EE0 /* MainViewRouter.swift in Sources */ = {isa = PBXBuildFile; fileRef = B01251832BFB5642002B6EE0 /* MainViewRouter.swift */; };
		B01251862BFB5659002B6EE0 /* MainViewInteractor.swift in Sources */ = {isa = PBXBuildFile; fileRef = B01251852BFB5659002B6EE0 /* MainViewInteractor.swift */; };
		B01251892BFB5809002B6EE0 /* MainView.swift in Sources */ = {isa = PBXBuildFile; fileRef = B01251882BFB5809002B6EE0 /* MainView.swift */; };
		B01251912BFB7321002B6EE0 /* MainViewModuleBuilder.swift in Sources */ = {isa = PBXBuildFile; fileRef = B01251902BFB7321002B6EE0 /* MainViewModuleBuilder.swift */; };
		B01251932BFBB5CE002B6EE0 /* EditView.swift in Sources */ = {isa = PBXBuildFile; fileRef = B01251922BFBB5CE002B6EE0 /* EditView.swift */; };
		B01251952BFBB5E1002B6EE0 /* EditViewViewController.swift in Sources */ = {isa = PBXBuildFile; fileRef = B01251942BFBB5E1002B6EE0 /* EditViewViewController.swift */; };
		B01251972BFBB5F5002B6EE0 /* EditViewPresenter.swift in Sources */ = {isa = PBXBuildFile; fileRef = B01251962BFBB5F5002B6EE0 /* EditViewPresenter.swift */; };
		B01251992BFBB604002B6EE0 /* EditViewInteractor.swift in Sources */ = {isa = PBXBuildFile; fileRef = B01251982BFBB604002B6EE0 /* EditViewInteractor.swift */; };
		B012519B2BFBB612002B6EE0 /* EditViewRouter.swift in Sources */ = {isa = PBXBuildFile; fileRef = B012519A2BFBB612002B6EE0 /* EditViewRouter.swift */; };
		B012519D2BFBB620002B6EE0 /* EditViewModuleBuilder.swift in Sources */ = {isa = PBXBuildFile; fileRef = B012519C2BFBB620002B6EE0 /* EditViewModuleBuilder.swift */; };
/* End PBXBuildFile section */

/* Begin PBXFileReference section */
		B01251652BFB4C85002B6EE0 /* LibraryTestApp.app */ = {isa = PBXFileReference; explicitFileType = wrapper.application; includeInIndex = 0; path = LibraryTestApp.app; sourceTree = BUILT_PRODUCTS_DIR; };
		B01251682BFB4C85002B6EE0 /* AppDelegate.swift */ = {isa = PBXFileReference; lastKnownFileType = sourcecode.swift; path = AppDelegate.swift; sourceTree = "<group>"; };
		B012516A2BFB4C85002B6EE0 /* SceneDelegate.swift */ = {isa = PBXFileReference; lastKnownFileType = sourcecode.swift; path = SceneDelegate.swift; sourceTree = "<group>"; };
		B012516C2BFB4C85002B6EE0 /* MainViewController.swift */ = {isa = PBXFileReference; lastKnownFileType = sourcecode.swift; path = MainViewController.swift; sourceTree = "<group>"; };
		B01251722BFB4C85002B6EE0 /* LibraryTestApp.xcdatamodel */ = {isa = PBXFileReference; lastKnownFileType = wrapper.xcdatamodel; path = LibraryTestApp.xcdatamodel; sourceTree = "<group>"; };
		B01251742BFB4C86002B6EE0 /* Assets.xcassets */ = {isa = PBXFileReference; lastKnownFileType = folder.assetcatalog; path = Assets.xcassets; sourceTree = "<group>"; };
		B01251772BFB4C86002B6EE0 /* Base */ = {isa = PBXFileReference; lastKnownFileType = file.storyboard; name = Base; path = Base.lproj/LaunchScreen.storyboard; sourceTree = "<group>"; };
		B01251792BFB4C86002B6EE0 /* Info.plist */ = {isa = PBXFileReference; lastKnownFileType = text.plist.xml; path = Info.plist; sourceTree = "<group>"; };
		B01251812BFB561C002B6EE0 /* MainViewPresenter.swift */ = {isa = PBXFileReference; lastKnownFileType = sourcecode.swift; path = MainViewPresenter.swift; sourceTree = "<group>"; };
		B01251832BFB5642002B6EE0 /* MainViewRouter.swift */ = {isa = PBXFileReference; lastKnownFileType = sourcecode.swift; path = MainViewRouter.swift; sourceTree = "<group>"; };
		B01251852BFB5659002B6EE0 /* MainViewInteractor.swift */ = {isa = PBXFileReference; lastKnownFileType = sourcecode.swift; path = MainViewInteractor.swift; sourceTree = "<group>"; };
		B01251882BFB5809002B6EE0 /* MainView.swift */ = {isa = PBXFileReference; lastKnownFileType = sourcecode.swift; path = MainView.swift; sourceTree = "<group>"; };
		B01251902BFB7321002B6EE0 /* MainViewModuleBuilder.swift */ = {isa = PBXFileReference; lastKnownFileType = sourcecode.swift; path = MainViewModuleBuilder.swift; sourceTree = "<group>"; };
		B01251922BFBB5CE002B6EE0 /* EditView.swift */ = {isa = PBXFileReference; lastKnownFileType = sourcecode.swift; path = EditView.swift; sourceTree = "<group>"; };
		B01251942BFBB5E1002B6EE0 /* EditViewViewController.swift */ = {isa = PBXFileReference; lastKnownFileType = sourcecode.swift; path = EditViewViewController.swift; sourceTree = "<group>"; };
		B01251962BFBB5F5002B6EE0 /* EditViewPresenter.swift */ = {isa = PBXFileReference; lastKnownFileType = sourcecode.swift; path = EditViewPresenter.swift; sourceTree = "<group>"; };
		B01251982BFBB604002B6EE0 /* EditViewInteractor.swift */ = {isa = PBXFileReference; lastKnownFileType = sourcecode.swift; path = EditViewInteractor.swift; sourceTree = "<group>"; };
		B012519A2BFBB612002B6EE0 /* EditViewRouter.swift */ = {isa = PBXFileReference; lastKnownFileType = sourcecode.swift; path = EditViewRouter.swift; sourceTree = "<group>"; };
		B012519C2BFBB620002B6EE0 /* EditViewModuleBuilder.swift */ = {isa = PBXFileReference; lastKnownFileType = sourcecode.swift; path = EditViewModuleBuilder.swift; sourceTree = "<group>"; };
/* End PBXFileReference section */

/* Begin PBXFrameworksBuildPhase section */
		B01251622BFB4C85002B6EE0 /* Frameworks */ = {
			isa = PBXFrameworksBuildPhase;
			buildActionMask = 2147483647;
			files = (
			);
			runOnlyForDeploymentPostprocessing = 0;
		};
/* End PBXFrameworksBuildPhase section */

/* Begin PBXGroup section */
		B012515C2BFB4C85002B6EE0 = {
			isa = PBXGroup;
			children = (
				B01251672BFB4C85002B6EE0 /* LibraryTestApp */,
				B01251662BFB4C85002B6EE0 /* Products */,
			);
			sourceTree = "<group>";
		};
		B01251662BFB4C85002B6EE0 /* Products */ = {
			isa = PBXGroup;
			children = (
				B01251652BFB4C85002B6EE0 /* LibraryTestApp.app */,
			);
			name = Products;
			sourceTree = "<group>";
		};
		B01251672BFB4C85002B6EE0 /* LibraryTestApp */ = {
			isa = PBXGroup;
			children = (
				B012518B2BFB5AD9002B6EE0 /* App */,
				B012518D2BFB5B0C002B6EE0 /* CoreData */,
				B012518C2BFB5AEE002B6EE0 /* Resources */,
				B01251872BFB57BD002B6EE0 /* MainView */,
				B012518A2BFB5A7C002B6EE0 /* EditView */,
			);
			path = LibraryTestApp;
			sourceTree = "<group>";
		};
		B01251872BFB57BD002B6EE0 /* MainView */ = {
			isa = PBXGroup;
			children = (
				B01251882BFB5809002B6EE0 /* MainView.swift */,
				B012516C2BFB4C85002B6EE0 /* MainViewController.swift */,
				B01251812BFB561C002B6EE0 /* MainViewPresenter.swift */,
				B01251852BFB5659002B6EE0 /* MainViewInteractor.swift */,
				B01251832BFB5642002B6EE0 /* MainViewRouter.swift */,
				B01251902BFB7321002B6EE0 /* MainViewModuleBuilder.swift */,
			);
			path = MainView;
			sourceTree = "<group>";
		};
		B012518A2BFB5A7C002B6EE0 /* EditView */ = {
			isa = PBXGroup;
			children = (
				B01251922BFBB5CE002B6EE0 /* EditView.swift */,
				B01251942BFBB5E1002B6EE0 /* EditViewViewController.swift */,
				B01251962BFBB5F5002B6EE0 /* EditViewPresenter.swift */,
				B01251982BFBB604002B6EE0 /* EditViewInteractor.swift */,
				B012519A2BFBB612002B6EE0 /* EditViewRouter.swift */,
				B012519C2BFBB620002B6EE0 /* EditViewModuleBuilder.swift */,
			);
			path = EditView;
			sourceTree = "<group>";
		};
		B012518B2BFB5AD9002B6EE0 /* App */ = {
			isa = PBXGroup;
			children = (
				B01251682BFB4C85002B6EE0 /* AppDelegate.swift */,
				B012516A2BFB4C85002B6EE0 /* SceneDelegate.swift */,
			);
			path = App;
			sourceTree = "<group>";
		};
		B012518C2BFB5AEE002B6EE0 /* Resources */ = {
			isa = PBXGroup;
			children = (
				B01251742BFB4C86002B6EE0 /* Assets.xcassets */,
				B01251762BFB4C86002B6EE0 /* LaunchScreen.storyboard */,
				B01251792BFB4C86002B6EE0 /* Info.plist */,
			);
			path = Resources;
			sourceTree = "<group>";
		};
		B012518D2BFB5B0C002B6EE0 /* CoreData */ = {
			isa = PBXGroup;
			children = (
				B01251712BFB4C85002B6EE0 /* LibraryTestApp.xcdatamodeld */,
			);
			path = CoreData;
			sourceTree = "<group>";
		};
/* End PBXGroup section */

/* Begin PBXNativeTarget section */
		B01251642BFB4C85002B6EE0 /* LibraryTestApp */ = {
			isa = PBXNativeTarget;
			buildConfigurationList = B012517C2BFB4C86002B6EE0 /* Build configuration list for PBXNativeTarget "LibraryTestApp" */;
			buildPhases = (
				B01251612BFB4C85002B6EE0 /* Sources */,
				B01251622BFB4C85002B6EE0 /* Frameworks */,
				B01251632BFB4C85002B6EE0 /* Resources */,
			);
			buildRules = (
			);
			dependencies = (
			);
			name = LibraryTestApp;
			productName = LibraryTestApp;
			productReference = B01251652BFB4C85002B6EE0 /* LibraryTestApp.app */;
			productType = "com.apple.product-type.application";
		};
/* End PBXNativeTarget section */

/* Begin PBXProject section */
		B012515D2BFB4C85002B6EE0 /* Project object */ = {
			isa = PBXProject;
			attributes = {
				BuildIndependentTargetsInParallel = 1;
				LastSwiftUpdateCheck = 1510;
				LastUpgradeCheck = 1510;
				TargetAttributes = {
					B01251642BFB4C85002B6EE0 = {
						CreatedOnToolsVersion = 15.1;
					};
				};
			};
			buildConfigurationList = B01251602BFB4C85002B6EE0 /* Build configuration list for PBXProject "LibraryTestApp" */;
			compatibilityVersion = "Xcode 14.0";
			developmentRegion = en;
			hasScannedForEncodings = 0;
			knownRegions = (
				en,
				Base,
			);
			mainGroup = B012515C2BFB4C85002B6EE0;
			productRefGroup = B01251662BFB4C85002B6EE0 /* Products */;
			projectDirPath = "";
			projectRoot = "";
			targets = (
				B01251642BFB4C85002B6EE0 /* LibraryTestApp */,
			);
		};
/* End PBXProject section */

/* Begin PBXResourcesBuildPhase section */
		B01251632BFB4C85002B6EE0 /* Resources */ = {
			isa = PBXResourcesBuildPhase;
			buildActionMask = 2147483647;
			files = (
				B01251782BFB4C86002B6EE0 /* LaunchScreen.storyboard in Resources */,
				B01251752BFB4C86002B6EE0 /* Assets.xcassets in Resources */,
			);
			runOnlyForDeploymentPostprocessing = 0;
		};
/* End PBXResourcesBuildPhase section */

/* Begin PBXSourcesBuildPhase section */
		B01251612BFB4C85002B6EE0 /* Sources */ = {
			isa = PBXSourcesBuildPhase;
			buildActionMask = 2147483647;
			files = (
				B012516D2BFB4C85002B6EE0 /* MainViewController.swift in Sources */,
				B01251892BFB5809002B6EE0 /* MainView.swift in Sources */,
				B01251732BFB4C85002B6EE0 /* LibraryTestApp.xcdatamodeld in Sources */,
				B01251822BFB561C002B6EE0 /* MainViewPresenter.swift in Sources */,
				B01251692BFB4C85002B6EE0 /* AppDelegate.swift in Sources */,
				B01251842BFB5642002B6EE0 /* MainViewRouter.swift in Sources */,
				B01251932BFBB5CE002B6EE0 /* EditView.swift in Sources */,
				B01251972BFBB5F5002B6EE0 /* EditViewPresenter.swift in Sources */,
				B01251952BFBB5E1002B6EE0 /* EditViewViewController.swift in Sources */,
				B01251992BFBB604002B6EE0 /* EditViewInteractor.swift in Sources */,
				B012519D2BFBB620002B6EE0 /* EditViewModuleBuilder.swift in Sources */,
				B01251912BFB7321002B6EE0 /* MainViewModuleBuilder.swift in Sources */,
				B012519B2BFBB612002B6EE0 /* EditViewRouter.swift in Sources */,
				B01251862BFB5659002B6EE0 /* MainViewInteractor.swift in Sources */,
				B012516B2BFB4C85002B6EE0 /* SceneDelegate.swift in Sources */,
			);
			runOnlyForDeploymentPostprocessing = 0;
		};
/* End PBXSourcesBuildPhase section */

/* Begin PBXVariantGroup section */
		B01251762BFB4C86002B6EE0 /* LaunchScreen.storyboard */ = {
			isa = PBXVariantGroup;
			children = (
				B01251772BFB4C86002B6EE0 /* Base */,
			);
			name = LaunchScreen.storyboard;
			sourceTree = "<group>";
		};
/* End PBXVariantGroup section */

/* Begin XCBuildConfiguration section */
		B012517A2BFB4C86002B6EE0 /* Debug */ = {
			isa = XCBuildConfiguration;
			buildSettings = {
				ALWAYS_SEARCH_USER_PATHS = NO;
				ASSETCATALOG_COMPILER_GENERATE_SWIFT_ASSET_SYMBOL_EXTENSIONS = YES;
				CLANG_ANALYZER_NONNULL = YES;
				CLANG_ANALYZER_NUMBER_OBJECT_CONVERSION = YES_AGGRESSIVE;
				CLANG_CXX_LANGUAGE_STANDARD = "gnu++20";
				CLANG_ENABLE_MODULES = YES;
				CLANG_ENABLE_OBJC_ARC = YES;
				CLANG_ENABLE_OBJC_WEAK = YES;
				CLANG_WARN_BLOCK_CAPTURE_AUTORELEASING = YES;
				CLANG_WARN_BOOL_CONVERSION = YES;
				CLANG_WARN_COMMA = YES;
				CLANG_WARN_CONSTANT_CONVERSION = YES;
				CLANG_WARN_DEPRECATED_OBJC_IMPLEMENTATIONS = YES;
				CLANG_WARN_DIRECT_OBJC_ISA_USAGE = YES_ERROR;
				CLANG_WARN_DOCUMENTATION_COMMENTS = YES;
				CLANG_WARN_EMPTY_BODY = YES;
				CLANG_WARN_ENUM_CONVERSION = YES;
				CLANG_WARN_INFINITE_RECURSION = YES;
				CLANG_WARN_INT_CONVERSION = YES;
				CLANG_WARN_NON_LITERAL_NULL_CONVERSION = YES;
				CLANG_WARN_OBJC_IMPLICIT_RETAIN_SELF = YES;
				CLANG_WARN_OBJC_LITERAL_CONVERSION = YES;
				CLANG_WARN_OBJC_ROOT_CLASS = YES_ERROR;
				CLANG_WARN_QUOTED_INCLUDE_IN_FRAMEWORK_HEADER = YES;
				CLANG_WARN_RANGE_LOOP_ANALYSIS = YES;
				CLANG_WARN_STRICT_PROTOTYPES = YES;
				CLANG_WARN_SUSPICIOUS_MOVE = YES;
				CLANG_WARN_UNGUARDED_AVAILABILITY = YES_AGGRESSIVE;
				CLANG_WARN_UNREACHABLE_CODE = YES;
				CLANG_WARN__DUPLICATE_METHOD_MATCH = YES;
				COPY_PHASE_STRIP = NO;
				DEBUG_INFORMATION_FORMAT = dwarf;
				ENABLE_STRICT_OBJC_MSGSEND = YES;
				ENABLE_TESTABILITY = YES;
				ENABLE_USER_SCRIPT_SANDBOXING = YES;
				GCC_C_LANGUAGE_STANDARD = gnu17;
				GCC_DYNAMIC_NO_PIC = NO;
				GCC_NO_COMMON_BLOCKS = YES;
				GCC_OPTIMIZATION_LEVEL = 0;
				GCC_PREPROCESSOR_DEFINITIONS = (
					"DEBUG=1",
					"$(inherited)",
				);
				GCC_WARN_64_TO_32_BIT_CONVERSION = YES;
				GCC_WARN_ABOUT_RETURN_TYPE = YES_ERROR;
				GCC_WARN_UNDECLARED_SELECTOR = YES;
				GCC_WARN_UNINITIALIZED_AUTOS = YES_AGGRESSIVE;
				GCC_WARN_UNUSED_FUNCTION = YES;
				GCC_WARN_UNUSED_VARIABLE = YES;
				IPHONEOS_DEPLOYMENT_TARGET = 17.2;
				LOCALIZATION_PREFERS_STRING_CATALOGS = YES;
				MTL_ENABLE_DEBUG_INFO = INCLUDE_SOURCE;
				MTL_FAST_MATH = YES;
				ONLY_ACTIVE_ARCH = YES;
				SDKROOT = iphoneos;
				SWIFT_ACTIVE_COMPILATION_CONDITIONS = "DEBUG $(inherited)";
				SWIFT_OPTIMIZATION_LEVEL = "-Onone";
			};
			name = Debug;
		};
		B012517B2BFB4C86002B6EE0 /* Release */ = {
			isa = XCBuildConfiguration;
			buildSettings = {
				ALWAYS_SEARCH_USER_PATHS = NO;
				ASSETCATALOG_COMPILER_GENERATE_SWIFT_ASSET_SYMBOL_EXTENSIONS = YES;
				CLANG_ANALYZER_NONNULL = YES;
				CLANG_ANALYZER_NUMBER_OBJECT_CONVERSION = YES_AGGRESSIVE;
				CLANG_CXX_LANGUAGE_STANDARD = "gnu++20";
				CLANG_ENABLE_MODULES = YES;
				CLANG_ENABLE_OBJC_ARC = YES;
				CLANG_ENABLE_OBJC_WEAK = YES;
				CLANG_WARN_BLOCK_CAPTURE_AUTORELEASING = YES;
				CLANG_WARN_BOOL_CONVERSION = YES;
				CLANG_WARN_COMMA = YES;
				CLANG_WARN_CONSTANT_CONVERSION = YES;
				CLANG_WARN_DEPRECATED_OBJC_IMPLEMENTATIONS = YES;
				CLANG_WARN_DIRECT_OBJC_ISA_USAGE = YES_ERROR;
				CLANG_WARN_DOCUMENTATION_COMMENTS = YES;
				CLANG_WARN_EMPTY_BODY = YES;
				CLANG_WARN_ENUM_CONVERSION = YES;
				CLANG_WARN_INFINITE_RECURSION = YES;
				CLANG_WARN_INT_CONVERSION = YES;
				CLANG_WARN_NON_LITERAL_NULL_CONVERSION = YES;
				CLANG_WARN_OBJC_IMPLICIT_RETAIN_SELF = YES;
				CLANG_WARN_OBJC_LITERAL_CONVERSION = YES;
				CLANG_WARN_OBJC_ROOT_CLASS = YES_ERROR;
				CLANG_WARN_QUOTED_INCLUDE_IN_FRAMEWORK_HEADER = YES;
				CLANG_WARN_RANGE_LOOP_ANALYSIS = YES;
				CLANG_WARN_STRICT_PROTOTYPES = YES;
				CLANG_WARN_SUSPICIOUS_MOVE = YES;
				CLANG_WARN_UNGUARDED_AVAILABILITY = YES_AGGRESSIVE;
				CLANG_WARN_UNREACHABLE_CODE = YES;
				CLANG_WARN__DUPLICATE_METHOD_MATCH = YES;
				COPY_PHASE_STRIP = NO;
				DEBUG_INFORMATION_FORMAT = "dwarf-with-dsym";
				ENABLE_NS_ASSERTIONS = NO;
				ENABLE_STRICT_OBJC_MSGSEND = YES;
				ENABLE_USER_SCRIPT_SANDBOXING = YES;
				GCC_C_LANGUAGE_STANDARD = gnu17;
				GCC_NO_COMMON_BLOCKS = YES;
				GCC_WARN_64_TO_32_BIT_CONVERSION = YES;
				GCC_WARN_ABOUT_RETURN_TYPE = YES_ERROR;
				GCC_WARN_UNDECLARED_SELECTOR = YES;
				GCC_WARN_UNINITIALIZED_AUTOS = YES_AGGRESSIVE;
				GCC_WARN_UNUSED_FUNCTION = YES;
				GCC_WARN_UNUSED_VARIABLE = YES;
				IPHONEOS_DEPLOYMENT_TARGET = 17.2;
				LOCALIZATION_PREFERS_STRING_CATALOGS = YES;
				MTL_ENABLE_DEBUG_INFO = NO;
				MTL_FAST_MATH = YES;
				SDKROOT = iphoneos;
				SWIFT_COMPILATION_MODE = wholemodule;
				VALIDATE_PRODUCT = YES;
			};
			name = Release;
		};
		B012517D2BFB4C86002B6EE0 /* Debug */ = {
			isa = XCBuildConfiguration;
			buildSettings = {
				ASSETCATALOG_COMPILER_APPICON_NAME = AppIcon;
				ASSETCATALOG_COMPILER_GLOBAL_ACCENT_COLOR_NAME = AccentColor;
				CODE_SIGN_STYLE = Automatic;
				CURRENT_PROJECT_VERSION = 1;
				GENERATE_INFOPLIST_FILE = YES;
				INFOPLIST_FILE = LibraryTestApp/Resources/Info.plist;
				INFOPLIST_KEY_UIApplicationSupportsIndirectInputEvents = YES;
				INFOPLIST_KEY_UILaunchStoryboardName = LaunchScreen;
				INFOPLIST_KEY_UISupportedInterfaceOrientations = UIInterfaceOrientationPortrait;
				INFOPLIST_KEY_UISupportedInterfaceOrientations_iPad = "UIInterfaceOrientationLandscapeLeft UIInterfaceOrientationLandscapeRight UIInterfaceOrientationPortrait UIInterfaceOrientationPortraitUpsideDown";
				IPHONEOS_DEPLOYMENT_TARGET = 13.0;
				LD_RUNPATH_SEARCH_PATHS = (
					"$(inherited)",
					"@executable_path/Frameworks",
				);
				MARKETING_VERSION = 1.0;
				PRODUCT_BUNDLE_IDENTIFIER = com.cg.LibraryTestApp;
				PRODUCT_NAME = "$(TARGET_NAME)";
				SUPPORTED_PLATFORMS = "iphoneos iphonesimulator";
				SUPPORTS_MACCATALYST = NO;
				SUPPORTS_MAC_DESIGNED_FOR_IPHONE_IPAD = NO;
				SWIFT_EMIT_LOC_STRINGS = YES;
				SWIFT_VERSION = 5.0;
				TARGETED_DEVICE_FAMILY = 1;
			};
			name = Debug;
		};
		B012517E2BFB4C86002B6EE0 /* Release */ = {
			isa = XCBuildConfiguration;
			buildSettings = {
				ASSETCATALOG_COMPILER_APPICON_NAME = AppIcon;
				ASSETCATALOG_COMPILER_GLOBAL_ACCENT_COLOR_NAME = AccentColor;
				CODE_SIGN_STYLE = Automatic;
				CURRENT_PROJECT_VERSION = 1;
				GENERATE_INFOPLIST_FILE = YES;
				INFOPLIST_FILE = LibraryTestApp/Resources/Info.plist;
				INFOPLIST_KEY_UIApplicationSupportsIndirectInputEvents = YES;
				INFOPLIST_KEY_UILaunchStoryboardName = LaunchScreen;
				INFOPLIST_KEY_UISupportedInterfaceOrientations = UIInterfaceOrientationPortrait;
				INFOPLIST_KEY_UISupportedInterfaceOrientations_iPad = "UIInterfaceOrientationLandscapeLeft UIInterfaceOrientationLandscapeRight UIInterfaceOrientationPortrait UIInterfaceOrientationPortraitUpsideDown";
				IPHONEOS_DEPLOYMENT_TARGET = 13.0;
				LD_RUNPATH_SEARCH_PATHS = (
					"$(inherited)",
					"@executable_path/Frameworks",
				);
				MARKETING_VERSION = 1.0;
				PRODUCT_BUNDLE_IDENTIFIER = com.cg.LibraryTestApp;
				PRODUCT_NAME = "$(TARGET_NAME)";
				SUPPORTED_PLATFORMS = "iphoneos iphonesimulator";
				SUPPORTS_MACCATALYST = NO;
				SUPPORTS_MAC_DESIGNED_FOR_IPHONE_IPAD = NO;
				SWIFT_EMIT_LOC_STRINGS = YES;
				SWIFT_VERSION = 5.0;
				TARGETED_DEVICE_FAMILY = 1;
			};
			name = Release;
		};
/* End XCBuildConfiguration section */

/* Begin XCConfigurationList section */
		B01251602BFB4C85002B6EE0 /* Build configuration list for PBXProject "LibraryTestApp" */ = {
			isa = XCConfigurationList;
			buildConfigurations = (
				B012517A2BFB4C86002B6EE0 /* Debug */,
				B012517B2BFB4C86002B6EE0 /* Release */,
			);
			defaultConfigurationIsVisible = 0;
			defaultConfigurationName = Release;
		};
		B012517C2BFB4C86002B6EE0 /* Build configuration list for PBXNativeTarget "LibraryTestApp" */ = {
			isa = XCConfigurationList;
			buildConfigurations = (
				B012517D2BFB4C86002B6EE0 /* Debug */,
				B012517E2BFB4C86002B6EE0 /* Release */,
			);
			defaultConfigurationIsVisible = 0;
			defaultConfigurationName = Release;
		};
/* End XCConfigurationList section */

/* Begin XCVersionGroup section */
		B01251712BFB4C85002B6EE0 /* LibraryTestApp.xcdatamodeld */ = {
			isa = XCVersionGroup;
			children = (
				B01251722BFB4C85002B6EE0 /* LibraryTestApp.xcdatamodel */,
			);
			currentVersion = B01251722BFB4C85002B6EE0 /* LibraryTestApp.xcdatamodel */;
			path = LibraryTestApp.xcdatamodeld;
			sourceTree = "<group>";
			versionGroupType = wrapper.xcdatamodel;
		};
/* End XCVersionGroup section */
	};
	rootObject = B012515D2BFB4C85002B6EE0 /* Project object */;
}
